// !$*UTF8*$!
{
	archiveVersion = 1;
	classes = {
	};
	objectVersion = 56;
	objects = {

/* Begin PBXBuildFile section */
		D71A158D2BACFD3E00FEB579 /* MiniService in Frameworks */ = {isa = PBXBuildFile; productRef = D71A158C2BACFD3E00FEB579 /* MiniService */; };
		D71A15932BACFE5400FEB579 /* PokemonListModel.swift in Sources */ = {isa = PBXBuildFile; fileRef = D71A15922BACFE5400FEB579 /* PokemonListModel.swift */; };
		D7392BAB2BB224F100E05038 /* PokemonDetailService.swift in Sources */ = {isa = PBXBuildFile; fileRef = D7392BAA2BB224F100E05038 /* PokemonDetailService.swift */; };
		D772BF5C2BB0E1F600FDDEF4 /* PokemonListService.swift in Sources */ = {isa = PBXBuildFile; fileRef = D772BF5B2BB0E1F600FDDEF4 /* PokemonListService.swift */; };
		D772BF5F2BB0E27400FDDEF4 /* PokemonListServiceTest.swift in Sources */ = {isa = PBXBuildFile; fileRef = D772BF5E2BB0E27400FDDEF4 /* PokemonListServiceTest.swift */; };
		D772BF622BB0E6D000FDDEF4 /* MockApiService.swift in Sources */ = {isa = PBXBuildFile; fileRef = D772BF612BB0E6D000FDDEF4 /* MockApiService.swift */; };
		D7A3C3412BAD039F00F3801F /* PokemonListViewModel.swift in Sources */ = {isa = PBXBuildFile; fileRef = D7A3C3402BAD039F00F3801F /* PokemonListViewModel.swift */; };
		D7A3C3432BAD03AA00F3801F /* PokemonListView.swift in Sources */ = {isa = PBXBuildFile; fileRef = D7A3C3422BAD03AA00F3801F /* PokemonListView.swift */; };
		D7D381972BACFCBF00FADC53 /* PokedexApp.swift in Sources */ = {isa = PBXBuildFile; fileRef = D7D381962BACFCBF00FADC53 /* PokedexApp.swift */; };
		D7D381992BACFCBF00FADC53 /* ContentView.swift in Sources */ = {isa = PBXBuildFile; fileRef = D7D381982BACFCBF00FADC53 /* ContentView.swift */; };
		D7D3819B2BACFCC100FADC53 /* Assets.xcassets in Resources */ = {isa = PBXBuildFile; fileRef = D7D3819A2BACFCC100FADC53 /* Assets.xcassets */; };
		D7D3819E2BACFCC100FADC53 /* Preview Assets.xcassets in Resources */ = {isa = PBXBuildFile; fileRef = D7D3819D2BACFCC100FADC53 /* Preview Assets.xcassets */; };
		D7D381A82BACFCC200FADC53 /* PokedexTests.swift in Sources */ = {isa = PBXBuildFile; fileRef = D7D381A72BACFCC200FADC53 /* PokedexTests.swift */; };
		D7D381B22BACFCC200FADC53 /* PokedexUITests.swift in Sources */ = {isa = PBXBuildFile; fileRef = D7D381B12BACFCC200FADC53 /* PokedexUITests.swift */; };
		D7D381B42BACFCC200FADC53 /* PokedexUITestsLaunchTests.swift in Sources */ = {isa = PBXBuildFile; fileRef = D7D381B32BACFCC200FADC53 /* PokedexUITestsLaunchTests.swift */; };
/* End PBXBuildFile section */

/* Begin PBXContainerItemProxy section */
		D7D381A42BACFCC200FADC53 /* PBXContainerItemProxy */ = {
			isa = PBXContainerItemProxy;
			containerPortal = D7D3818B2BACFCBF00FADC53 /* Project object */;
			proxyType = 1;
			remoteGlobalIDString = D7D381922BACFCBF00FADC53;
			remoteInfo = Pokedex;
		};
		D7D381AE2BACFCC200FADC53 /* PBXContainerItemProxy */ = {
			isa = PBXContainerItemProxy;
			containerPortal = D7D3818B2BACFCBF00FADC53 /* Project object */;
			proxyType = 1;
			remoteGlobalIDString = D7D381922BACFCBF00FADC53;
			remoteInfo = Pokedex;
		};
/* End PBXContainerItemProxy section */

/* Begin PBXFileReference section */
		D71A15922BACFE5400FEB579 /* PokemonListModel.swift */ = {isa = PBXFileReference; lastKnownFileType = sourcecode.swift; path = PokemonListModel.swift; sourceTree = "<group>"; };
		D7392BAA2BB224F100E05038 /* PokemonDetailService.swift */ = {isa = PBXFileReference; lastKnownFileType = sourcecode.swift; path = PokemonDetailService.swift; sourceTree = "<group>"; };
		D772BF5B2BB0E1F600FDDEF4 /* PokemonListService.swift */ = {isa = PBXFileReference; lastKnownFileType = sourcecode.swift; path = PokemonListService.swift; sourceTree = "<group>"; };
		D772BF5E2BB0E27400FDDEF4 /* PokemonListServiceTest.swift */ = {isa = PBXFileReference; lastKnownFileType = sourcecode.swift; path = PokemonListServiceTest.swift; sourceTree = "<group>"; };
		D772BF612BB0E6D000FDDEF4 /* MockApiService.swift */ = {isa = PBXFileReference; lastKnownFileType = sourcecode.swift; path = MockApiService.swift; sourceTree = "<group>"; };
		D7A3C3402BAD039F00F3801F /* PokemonListViewModel.swift */ = {isa = PBXFileReference; lastKnownFileType = sourcecode.swift; path = PokemonListViewModel.swift; sourceTree = "<group>"; };
		D7A3C3422BAD03AA00F3801F /* PokemonListView.swift */ = {isa = PBXFileReference; lastKnownFileType = sourcecode.swift; path = PokemonListView.swift; sourceTree = "<group>"; };
		D7D381932BACFCBF00FADC53 /* Pokedex.app */ = {isa = PBXFileReference; explicitFileType = wrapper.application; includeInIndex = 0; path = Pokedex.app; sourceTree = BUILT_PRODUCTS_DIR; };
		D7D381962BACFCBF00FADC53 /* PokedexApp.swift */ = {isa = PBXFileReference; lastKnownFileType = sourcecode.swift; path = PokedexApp.swift; sourceTree = "<group>"; };
		D7D381982BACFCBF00FADC53 /* ContentView.swift */ = {isa = PBXFileReference; lastKnownFileType = sourcecode.swift; path = ContentView.swift; sourceTree = "<group>"; };
		D7D3819A2BACFCC100FADC53 /* Assets.xcassets */ = {isa = PBXFileReference; lastKnownFileType = folder.assetcatalog; path = Assets.xcassets; sourceTree = "<group>"; };
		D7D3819D2BACFCC100FADC53 /* Preview Assets.xcassets */ = {isa = PBXFileReference; lastKnownFileType = folder.assetcatalog; path = "Preview Assets.xcassets"; sourceTree = "<group>"; };
		D7D381A32BACFCC200FADC53 /* PokedexTests.xctest */ = {isa = PBXFileReference; explicitFileType = wrapper.cfbundle; includeInIndex = 0; path = PokedexTests.xctest; sourceTree = BUILT_PRODUCTS_DIR; };
		D7D381A72BACFCC200FADC53 /* PokedexTests.swift */ = {isa = PBXFileReference; lastKnownFileType = sourcecode.swift; path = PokedexTests.swift; sourceTree = "<group>"; };
		D7D381AD2BACFCC200FADC53 /* PokedexUITests.xctest */ = {isa = PBXFileReference; explicitFileType = wrapper.cfbundle; includeInIndex = 0; path = PokedexUITests.xctest; sourceTree = BUILT_PRODUCTS_DIR; };
		D7D381B12BACFCC200FADC53 /* PokedexUITests.swift */ = {isa = PBXFileReference; lastKnownFileType = sourcecode.swift; path = PokedexUITests.swift; sourceTree = "<group>"; };
		D7D381B32BACFCC200FADC53 /* PokedexUITestsLaunchTests.swift */ = {isa = PBXFileReference; lastKnownFileType = sourcecode.swift; path = PokedexUITestsLaunchTests.swift; sourceTree = "<group>"; };
/* End PBXFileReference section */

/* Begin PBXFrameworksBuildPhase section */
		D7D381902BACFCBF00FADC53 /* Frameworks */ = {
			isa = PBXFrameworksBuildPhase;
			buildActionMask = 2147483647;
			files = (
				D71A158D2BACFD3E00FEB579 /* MiniService in Frameworks */,
			);
			runOnlyForDeploymentPostprocessing = 0;
		};
		D7D381A02BACFCC200FADC53 /* Frameworks */ = {
			isa = PBXFrameworksBuildPhase;
			buildActionMask = 2147483647;
			files = (
			);
			runOnlyForDeploymentPostprocessing = 0;
		};
		D7D381AA2BACFCC200FADC53 /* Frameworks */ = {
			isa = PBXFrameworksBuildPhase;
			buildActionMask = 2147483647;
			files = (
			);
			runOnlyForDeploymentPostprocessing = 0;
		};
/* End PBXFrameworksBuildPhase section */

/* Begin PBXGroup section */
		D71A158E2BACFD4500FEB579 /* Scenes */ = {
			isa = PBXGroup;
			children = (
				D7A3C33F2BACFFD600F3801F /* PokemonList */,
			);
			path = Scenes;
			sourceTree = "<group>";
		};
		D71A158F2BACFD5000FEB579 /* Models */ = {
			isa = PBXGroup;
			children = (
				D71A15922BACFE5400FEB579 /* PokemonListModel.swift */,
			);
			path = Models;
			sourceTree = "<group>";
		};
		D71A15912BACFDA500FEB579 /* Application */ = {
			isa = PBXGroup;
			children = (
				D7D3819A2BACFCC100FADC53 /* Assets.xcassets */,
				D7D381962BACFCBF00FADC53 /* PokedexApp.swift */,
				D7D381982BACFCBF00FADC53 /* ContentView.swift */,
			);
			path = Application;
			sourceTree = "<group>";
		};
		D772BF5A2BB0E1E100FDDEF4 /* Services */ = {
			isa = PBXGroup;
			children = (
				D772BF5B2BB0E1F600FDDEF4 /* PokemonListService.swift */,
				D7392BAA2BB224F100E05038 /* PokemonDetailService.swift */,
			);
			path = Services;
			sourceTree = "<group>";
		};
		D772BF5D2BB0E25700FDDEF4 /* Services */ = {
			isa = PBXGroup;
			children = (
				D772BF5E2BB0E27400FDDEF4 /* PokemonListServiceTest.swift */,
			);
			path = Services;
			sourceTree = "<group>";
		};
		D772BF602BB0E6BC00FDDEF4 /* Mock */ = {
			isa = PBXGroup;
			children = (
				D772BF612BB0E6D000FDDEF4 /* MockApiService.swift */,
			);
			path = Mock;
			sourceTree = "<group>";
		};
		D7A3C33F2BACFFD600F3801F /* PokemonList */ = {
			isa = PBXGroup;
			children = (
				D7A3C3402BAD039F00F3801F /* PokemonListViewModel.swift */,
				D7A3C3422BAD03AA00F3801F /* PokemonListView.swift */,
			);
			path = PokemonList;
			sourceTree = "<group>";
		};
		D7D3818A2BACFCBF00FADC53 = {
			isa = PBXGroup;
			children = (
				D7D381952BACFCBF00FADC53 /* Pokedex */,
				D7D381A62BACFCC200FADC53 /* PokedexTests */,
				D7D381B02BACFCC200FADC53 /* PokedexUITests */,
				D7D381942BACFCBF00FADC53 /* Products */,
			);
			sourceTree = "<group>";
		};
		D7D381942BACFCBF00FADC53 /* Products */ = {
			isa = PBXGroup;
			children = (
				D7D381932BACFCBF00FADC53 /* Pokedex.app */,
				D7D381A32BACFCC200FADC53 /* PokedexTests.xctest */,
				D7D381AD2BACFCC200FADC53 /* PokedexUITests.xctest */,
			);
			name = Products;
			sourceTree = "<group>";
		};
		D7D381952BACFCBF00FADC53 /* Pokedex */ = {
			isa = PBXGroup;
			children = (
				D772BF5A2BB0E1E100FDDEF4 /* Services */,
				D71A15912BACFDA500FEB579 /* Application */,
				D71A158F2BACFD5000FEB579 /* Models */,
				D71A158E2BACFD4500FEB579 /* Scenes */,
				D7D3819C2BACFCC100FADC53 /* Preview Content */,
			);
			path = Pokedex;
			sourceTree = "<group>";
		};
		D7D3819C2BACFCC100FADC53 /* Preview Content */ = {
			isa = PBXGroup;
			children = (
				D7D3819D2BACFCC100FADC53 /* Preview Assets.xcassets */,
			);
			path = "Preview Content";
			sourceTree = "<group>";
		};
		D7D381A62BACFCC200FADC53 /* PokedexTests */ = {
			isa = PBXGroup;
			children = (
				D772BF602BB0E6BC00FDDEF4 /* Mock */,
				D772BF5D2BB0E25700FDDEF4 /* Services */,
				D7D381A72BACFCC200FADC53 /* PokedexTests.swift */,
			);
			path = PokedexTests;
			sourceTree = "<group>";
		};
		D7D381B02BACFCC200FADC53 /* PokedexUITests */ = {
			isa = PBXGroup;
			children = (
				D7D381B12BACFCC200FADC53 /* PokedexUITests.swift */,
				D7D381B32BACFCC200FADC53 /* PokedexUITestsLaunchTests.swift */,
			);
			path = PokedexUITests;
			sourceTree = "<group>";
		};
/* End PBXGroup section */

/* Begin PBXNativeTarget section */
		D7D381922BACFCBF00FADC53 /* Pokedex */ = {
			isa = PBXNativeTarget;
			buildConfigurationList = D7D381B72BACFCC200FADC53 /* Build configuration list for PBXNativeTarget "Pokedex" */;
			buildPhases = (
				D7D3818F2BACFCBF00FADC53 /* Sources */,
				D7D381902BACFCBF00FADC53 /* Frameworks */,
				D7D381912BACFCBF00FADC53 /* Resources */,
			);
			buildRules = (
			);
			dependencies = (
			);
			name = Pokedex;
			packageProductDependencies = (
				D71A158C2BACFD3E00FEB579 /* MiniService */,
			);
			productName = Pokedex;
			productReference = D7D381932BACFCBF00FADC53 /* Pokedex.app */;
			productType = "com.apple.product-type.application";
		};
		D7D381A22BACFCC200FADC53 /* PokedexTests */ = {
			isa = PBXNativeTarget;
			buildConfigurationList = D7D381BA2BACFCC200FADC53 /* Build configuration list for PBXNativeTarget "PokedexTests" */;
			buildPhases = (
				D7D3819F2BACFCC200FADC53 /* Sources */,
				D7D381A02BACFCC200FADC53 /* Frameworks */,
				D7D381A12BACFCC200FADC53 /* Resources */,
			);
			buildRules = (
			);
			dependencies = (
				D7D381A52BACFCC200FADC53 /* PBXTargetDependency */,
			);
			name = PokedexTests;
			productName = PokedexTests;
			productReference = D7D381A32BACFCC200FADC53 /* PokedexTests.xctest */;
			productType = "com.apple.product-type.bundle.unit-test";
		};
		D7D381AC2BACFCC200FADC53 /* PokedexUITests */ = {
			isa = PBXNativeTarget;
			buildConfigurationList = D7D381BD2BACFCC200FADC53 /* Build configuration list for PBXNativeTarget "PokedexUITests" */;
			buildPhases = (
				D7D381A92BACFCC200FADC53 /* Sources */,
				D7D381AA2BACFCC200FADC53 /* Frameworks */,
				D7D381AB2BACFCC200FADC53 /* Resources */,
			);
			buildRules = (
			);
			dependencies = (
				D7D381AF2BACFCC200FADC53 /* PBXTargetDependency */,
			);
			name = PokedexUITests;
			productName = PokedexUITests;
			productReference = D7D381AD2BACFCC200FADC53 /* PokedexUITests.xctest */;
			productType = "com.apple.product-type.bundle.ui-testing";
		};
/* End PBXNativeTarget section */

/* Begin PBXProject section */
		D7D3818B2BACFCBF00FADC53 /* Project object */ = {
			isa = PBXProject;
			attributes = {
				BuildIndependentTargetsInParallel = 1;
				LastSwiftUpdateCheck = 1520;
				LastUpgradeCheck = 1520;
				TargetAttributes = {
					D7D381922BACFCBF00FADC53 = {
						CreatedOnToolsVersion = 15.2;
					};
					D7D381A22BACFCC200FADC53 = {
						CreatedOnToolsVersion = 15.2;
						TestTargetID = D7D381922BACFCBF00FADC53;
					};
					D7D381AC2BACFCC200FADC53 = {
						CreatedOnToolsVersion = 15.2;
						TestTargetID = D7D381922BACFCBF00FADC53;
					};
				};
			};
			buildConfigurationList = D7D3818E2BACFCBF00FADC53 /* Build configuration list for PBXProject "Pokedex" */;
			compatibilityVersion = "Xcode 14.0";
			developmentRegion = en;
			hasScannedForEncodings = 0;
			knownRegions = (
				en,
				Base,
			);
			mainGroup = D7D3818A2BACFCBF00FADC53;
			packageReferences = (
				D71A158B2BACFD3E00FEB579 /* XCRemoteSwiftPackageReference "MiniService" */,
			);
			productRefGroup = D7D381942BACFCBF00FADC53 /* Products */;
			projectDirPath = "";
			projectRoot = "";
			targets = (
				D7D381922BACFCBF00FADC53 /* Pokedex */,
				D7D381A22BACFCC200FADC53 /* PokedexTests */,
				D7D381AC2BACFCC200FADC53 /* PokedexUITests */,
			);
		};
/* End PBXProject section */

/* Begin PBXResourcesBuildPhase section */
		D7D381912BACFCBF00FADC53 /* Resources */ = {
			isa = PBXResourcesBuildPhase;
			buildActionMask = 2147483647;
			files = (
				D7D3819E2BACFCC100FADC53 /* Preview Assets.xcassets in Resources */,
				D7D3819B2BACFCC100FADC53 /* Assets.xcassets in Resources */,
			);
			runOnlyForDeploymentPostprocessing = 0;
		};
		D7D381A12BACFCC200FADC53 /* Resources */ = {
			isa = PBXResourcesBuildPhase;
			buildActionMask = 2147483647;
			files = (
			);
			runOnlyForDeploymentPostprocessing = 0;
		};
		D7D381AB2BACFCC200FADC53 /* Resources */ = {
			isa = PBXResourcesBuildPhase;
			buildActionMask = 2147483647;
			files = (
			);
			runOnlyForDeploymentPostprocessing = 0;
		};
/* End PBXResourcesBuildPhase section */

/* Begin PBXSourcesBuildPhase section */
		D7D3818F2BACFCBF00FADC53 /* Sources */ = {
			isa = PBXSourcesBuildPhase;
			buildActionMask = 2147483647;
			files = (
				D7A3C3432BAD03AA00F3801F /* PokemonListView.swift in Sources */,
				D7392BAB2BB224F100E05038 /* PokemonDetailService.swift in Sources */,
				D71A15932BACFE5400FEB579 /* PokemonListModel.swift in Sources */,
				D7D381992BACFCBF00FADC53 /* ContentView.swift in Sources */,
				D7A3C3412BAD039F00F3801F /* PokemonListViewModel.swift in Sources */,
				D7D381972BACFCBF00FADC53 /* PokedexApp.swift in Sources */,
				D772BF5C2BB0E1F600FDDEF4 /* PokemonListService.swift in Sources */,
			);
			runOnlyForDeploymentPostprocessing = 0;
		};
		D7D3819F2BACFCC200FADC53 /* Sources */ = {
			isa = PBXSourcesBuildPhase;
			buildActionMask = 2147483647;
			files = (
				D772BF622BB0E6D000FDDEF4 /* MockApiService.swift in Sources */,
				D7D381A82BACFCC200FADC53 /* PokedexTests.swift in Sources */,
				D772BF5F2BB0E27400FDDEF4 /* PokemonListServiceTest.swift in Sources */,
			);
			runOnlyForDeploymentPostprocessing = 0;
		};
		D7D381A92BACFCC200FADC53 /* Sources */ = {
			isa = PBXSourcesBuildPhase;
			buildActionMask = 2147483647;
			files = (
				D7D381B22BACFCC200FADC53 /* PokedexUITests.swift in Sources */,
				D7D381B42BACFCC200FADC53 /* PokedexUITestsLaunchTests.swift in Sources */,
			);
			runOnlyForDeploymentPostprocessing = 0;
		};
/* End PBXSourcesBuildPhase section */

/* Begin PBXTargetDependency section */
		D7D381A52BACFCC200FADC53 /* PBXTargetDependency */ = {
			isa = PBXTargetDependency;
			target = D7D381922BACFCBF00FADC53 /* Pokedex */;
			targetProxy = D7D381A42BACFCC200FADC53 /* PBXContainerItemProxy */;
		};
		D7D381AF2BACFCC200FADC53 /* PBXTargetDependency */ = {
			isa = PBXTargetDependency;
			target = D7D381922BACFCBF00FADC53 /* Pokedex */;
			targetProxy = D7D381AE2BACFCC200FADC53 /* PBXContainerItemProxy */;
		};
/* End PBXTargetDependency section */

/* Begin XCBuildConfiguration section */
		D7D381B52BACFCC200FADC53 /* Debug */ = {
			isa = XCBuildConfiguration;
			buildSettings = {
				ALWAYS_SEARCH_USER_PATHS = NO;
				ASSETCATALOG_COMPILER_GENERATE_SWIFT_ASSET_SYMBOL_EXTENSIONS = YES;
				CLANG_ANALYZER_NONNULL = YES;
				CLANG_ANALYZER_NUMBER_OBJECT_CONVERSION = YES_AGGRESSIVE;
				CLANG_CXX_LANGUAGE_STANDARD = "gnu++20";
				CLANG_ENABLE_MODULES = YES;
				CLANG_ENABLE_OBJC_ARC = YES;
				CLANG_ENABLE_OBJC_WEAK = YES;
				CLANG_WARN_BLOCK_CAPTURE_AUTORELEASING = YES;
				CLANG_WARN_BOOL_CONVERSION = YES;
				CLANG_WARN_COMMA = YES;
				CLANG_WARN_CONSTANT_CONVERSION = YES;
				CLANG_WARN_DEPRECATED_OBJC_IMPLEMENTATIONS = YES;
				CLANG_WARN_DIRECT_OBJC_ISA_USAGE = YES_ERROR;
				CLANG_WARN_DOCUMENTATION_COMMENTS = YES;
				CLANG_WARN_EMPTY_BODY = YES;
				CLANG_WARN_ENUM_CONVERSION = YES;
				CLANG_WARN_INFINITE_RECURSION = YES;
				CLANG_WARN_INT_CONVERSION = YES;
				CLANG_WARN_NON_LITERAL_NULL_CONVERSION = YES;
				CLANG_WARN_OBJC_IMPLICIT_RETAIN_SELF = YES;
				CLANG_WARN_OBJC_LITERAL_CONVERSION = YES;
				CLANG_WARN_OBJC_ROOT_CLASS = YES_ERROR;
				CLANG_WARN_QUOTED_INCLUDE_IN_FRAMEWORK_HEADER = YES;
				CLANG_WARN_RANGE_LOOP_ANALYSIS = YES;
				CLANG_WARN_STRICT_PROTOTYPES = YES;
				CLANG_WARN_SUSPICIOUS_MOVE = YES;
				CLANG_WARN_UNGUARDED_AVAILABILITY = YES_AGGRESSIVE;
				CLANG_WARN_UNREACHABLE_CODE = YES;
				CLANG_WARN__DUPLICATE_METHOD_MATCH = YES;
				COPY_PHASE_STRIP = NO;
				DEBUG_INFORMATION_FORMAT = dwarf;
				ENABLE_STRICT_OBJC_MSGSEND = YES;
				ENABLE_TESTABILITY = YES;
				ENABLE_USER_SCRIPT_SANDBOXING = YES;
				GCC_C_LANGUAGE_STANDARD = gnu17;
				GCC_DYNAMIC_NO_PIC = NO;
				GCC_NO_COMMON_BLOCKS = YES;
				GCC_OPTIMIZATION_LEVEL = 0;
				GCC_PREPROCESSOR_DEFINITIONS = (
					"DEBUG=1",
					"$(inherited)",
				);
				GCC_WARN_64_TO_32_BIT_CONVERSION = YES;
				GCC_WARN_ABOUT_RETURN_TYPE = YES_ERROR;
				GCC_WARN_UNDECLARED_SELECTOR = YES;
				GCC_WARN_UNINITIALIZED_AUTOS = YES_AGGRESSIVE;
				GCC_WARN_UNUSED_FUNCTION = YES;
				GCC_WARN_UNUSED_VARIABLE = YES;
				IPHONEOS_DEPLOYMENT_TARGET = 17.2;
				LOCALIZATION_PREFERS_STRING_CATALOGS = YES;
				MTL_ENABLE_DEBUG_INFO = INCLUDE_SOURCE;
				MTL_FAST_MATH = YES;
				ONLY_ACTIVE_ARCH = YES;
				SDKROOT = iphoneos;
				SWIFT_ACTIVE_COMPILATION_CONDITIONS = "DEBUG $(inherited)";
				SWIFT_OPTIMIZATION_LEVEL = "-Onone";
			};
			name = Debug;
		};
		D7D381B62BACFCC200FADC53 /* Release */ = {
			isa = XCBuildConfiguration;
			buildSettings = {
				ALWAYS_SEARCH_USER_PATHS = NO;
				ASSETCATALOG_COMPILER_GENERATE_SWIFT_ASSET_SYMBOL_EXTENSIONS = YES;
				CLANG_ANALYZER_NONNULL = YES;
				CLANG_ANALYZER_NUMBER_OBJECT_CONVERSION = YES_AGGRESSIVE;
				CLANG_CXX_LANGUAGE_STANDARD = "gnu++20";
				CLANG_ENABLE_MODULES = YES;
				CLANG_ENABLE_OBJC_ARC = YES;
				CLANG_ENABLE_OBJC_WEAK = YES;
				CLANG_WARN_BLOCK_CAPTURE_AUTORELEASING = YES;
				CLANG_WARN_BOOL_CONVERSION = YES;
				CLANG_WARN_COMMA = YES;
				CLANG_WARN_CONSTANT_CONVERSION = YES;
				CLANG_WARN_DEPRECATED_OBJC_IMPLEMENTATIONS = YES;
				CLANG_WARN_DIRECT_OBJC_ISA_USAGE = YES_ERROR;
				CLANG_WARN_DOCUMENTATION_COMMENTS = YES;
				CLANG_WARN_EMPTY_BODY = YES;
				CLANG_WARN_ENUM_CONVERSION = YES;
				CLANG_WARN_INFINITE_RECURSION = YES;
				CLANG_WARN_INT_CONVERSION = YES;
				CLANG_WARN_NON_LITERAL_NULL_CONVERSION = YES;
				CLANG_WARN_OBJC_IMPLICIT_RETAIN_SELF = YES;
				CLANG_WARN_OBJC_LITERAL_CONVERSION = YES;
				CLANG_WARN_OBJC_ROOT_CLASS = YES_ERROR;
				CLANG_WARN_QUOTED_INCLUDE_IN_FRAMEWORK_HEADER = YES;
				CLANG_WARN_RANGE_LOOP_ANALYSIS = YES;
				CLANG_WARN_STRICT_PROTOTYPES = YES;
				CLANG_WARN_SUSPICIOUS_MOVE = YES;
				CLANG_WARN_UNGUARDED_AVAILABILITY = YES_AGGRESSIVE;
				CLANG_WARN_UNREACHABLE_CODE = YES;
				CLANG_WARN__DUPLICATE_METHOD_MATCH = YES;
				COPY_PHASE_STRIP = NO;
				DEBUG_INFORMATION_FORMAT = "dwarf-with-dsym";
				ENABLE_NS_ASSERTIONS = NO;
				ENABLE_STRICT_OBJC_MSGSEND = YES;
				ENABLE_USER_SCRIPT_SANDBOXING = YES;
				GCC_C_LANGUAGE_STANDARD = gnu17;
				GCC_NO_COMMON_BLOCKS = YES;
				GCC_WARN_64_TO_32_BIT_CONVERSION = YES;
				GCC_WARN_ABOUT_RETURN_TYPE = YES_ERROR;
				GCC_WARN_UNDECLARED_SELECTOR = YES;
				GCC_WARN_UNINITIALIZED_AUTOS = YES_AGGRESSIVE;
				GCC_WARN_UNUSED_FUNCTION = YES;
				GCC_WARN_UNUSED_VARIABLE = YES;
				IPHONEOS_DEPLOYMENT_TARGET = 17.2;
				LOCALIZATION_PREFERS_STRING_CATALOGS = YES;
				MTL_ENABLE_DEBUG_INFO = NO;
				MTL_FAST_MATH = YES;
				SDKROOT = iphoneos;
				SWIFT_COMPILATION_MODE = wholemodule;
				VALIDATE_PRODUCT = YES;
			};
			name = Release;
		};
		D7D381B82BACFCC200FADC53 /* Debug */ = {
			isa = XCBuildConfiguration;
			buildSettings = {
				ASSETCATALOG_COMPILER_APPICON_NAME = AppIcon;
				ASSETCATALOG_COMPILER_GLOBAL_ACCENT_COLOR_NAME = AccentColor;
				CODE_SIGN_STYLE = Automatic;
				CURRENT_PROJECT_VERSION = 1;
				DEVELOPMENT_ASSET_PATHS = "\"Pokedex/Preview Content\"";
				DEVELOPMENT_TEAM = 3DAQ868NGN;
				ENABLE_PREVIEWS = YES;
				GENERATE_INFOPLIST_FILE = YES;
				INFOPLIST_KEY_UIApplicationSceneManifest_Generation = YES;
				INFOPLIST_KEY_UIApplicationSupportsIndirectInputEvents = YES;
				INFOPLIST_KEY_UILaunchScreen_Generation = YES;
				INFOPLIST_KEY_UISupportedInterfaceOrientations_iPad = "UIInterfaceOrientationPortrait UIInterfaceOrientationPortraitUpsideDown UIInterfaceOrientationLandscapeLeft UIInterfaceOrientationLandscapeRight";
				INFOPLIST_KEY_UISupportedInterfaceOrientations_iPhone = "UIInterfaceOrientationPortrait UIInterfaceOrientationLandscapeLeft UIInterfaceOrientationLandscapeRight";
				LD_RUNPATH_SEARCH_PATHS = (
					"$(inherited)",
					"@executable_path/Frameworks",
				);
				MARKETING_VERSION = 1.0;
				PRODUCT_BUNDLE_IDENTIFIER = dev.arbigaus.Pokedex;
				PRODUCT_NAME = "$(TARGET_NAME)";
				SWIFT_EMIT_LOC_STRINGS = YES;
				SWIFT_VERSION = 5.0;
				TARGETED_DEVICE_FAMILY = "1,2";
			};
			name = Debug;
		};
		D7D381B92BACFCC200FADC53 /* Release */ = {
			isa = XCBuildConfiguration;
			buildSettings = {
				ASSETCATALOG_COMPILER_APPICON_NAME = AppIcon;
				ASSETCATALOG_COMPILER_GLOBAL_ACCENT_COLOR_NAME = AccentColor;
				CODE_SIGN_STYLE = Automatic;
				CURRENT_PROJECT_VERSION = 1;
				DEVELOPMENT_ASSET_PATHS = "\"Pokedex/Preview Content\"";
				DEVELOPMENT_TEAM = 3DAQ868NGN;
				ENABLE_PREVIEWS = YES;
				GENERATE_INFOPLIST_FILE = YES;
				INFOPLIST_KEY_UIApplicationSceneManifest_Generation = YES;
				INFOPLIST_KEY_UIApplicationSupportsIndirectInputEvents = YES;
				INFOPLIST_KEY_UILaunchScreen_Generation = YES;
				INFOPLIST_KEY_UISupportedInterfaceOrientations_iPad = "UIInterfaceOrientationPortrait UIInterfaceOrientationPortraitUpsideDown UIInterfaceOrientationLandscapeLeft UIInterfaceOrientationLandscapeRight";
				INFOPLIST_KEY_UISupportedInterfaceOrientations_iPhone = "UIInterfaceOrientationPortrait UIInterfaceOrientationLandscapeLeft UIInterfaceOrientationLandscapeRight";
				LD_RUNPATH_SEARCH_PATHS = (
					"$(inherited)",
					"@executable_path/Frameworks",
				);
				MARKETING_VERSION = 1.0;
				PRODUCT_BUNDLE_IDENTIFIER = dev.arbigaus.Pokedex;
				PRODUCT_NAME = "$(TARGET_NAME)";
				SWIFT_EMIT_LOC_STRINGS = YES;
				SWIFT_VERSION = 5.0;
				TARGETED_DEVICE_FAMILY = "1,2";
			};
			name = Release;
		};
		D7D381BB2BACFCC200FADC53 /* Debug */ = {
			isa = XCBuildConfiguration;
			buildSettings = {
				ALWAYS_EMBED_SWIFT_STANDARD_LIBRARIES = YES;
				BUNDLE_LOADER = "$(TEST_HOST)";
				CODE_SIGN_STYLE = Automatic;
				CURRENT_PROJECT_VERSION = 1;
				DEVELOPMENT_TEAM = 3DAQ868NGN;
				GENERATE_INFOPLIST_FILE = YES;
				IPHONEOS_DEPLOYMENT_TARGET = 17.2;
				MARKETING_VERSION = 1.0;
				PRODUCT_BUNDLE_IDENTIFIER = dev.arbigaus.PokedexTests;
				PRODUCT_NAME = "$(TARGET_NAME)";
				SWIFT_EMIT_LOC_STRINGS = NO;
				SWIFT_VERSION = 5.0;
				TARGETED_DEVICE_FAMILY = "1,2";
				TEST_HOST = "$(BUILT_PRODUCTS_DIR)/Pokedex.app/$(BUNDLE_EXECUTABLE_FOLDER_PATH)/Pokedex";
			};
			name = Debug;
		};
		D7D381BC2BACFCC200FADC53 /* Release */ = {
			isa = XCBuildConfiguration;
			buildSettings = {
				ALWAYS_EMBED_SWIFT_STANDARD_LIBRARIES = YES;
				BUNDLE_LOADER = "$(TEST_HOST)";
				CODE_SIGN_STYLE = Automatic;
				CURRENT_PROJECT_VERSION = 1;
				DEVELOPMENT_TEAM = 3DAQ868NGN;
				GENERATE_INFOPLIST_FILE = YES;
				IPHONEOS_DEPLOYMENT_TARGET = 17.2;
				MARKETING_VERSION = 1.0;
				PRODUCT_BUNDLE_IDENTIFIER = dev.arbigaus.PokedexTests;
				PRODUCT_NAME = "$(TARGET_NAME)";
				SWIFT_EMIT_LOC_STRINGS = NO;
				SWIFT_VERSION = 5.0;
				TARGETED_DEVICE_FAMILY = "1,2";
				TEST_HOST = "$(BUILT_PRODUCTS_DIR)/Pokedex.app/$(BUNDLE_EXECUTABLE_FOLDER_PATH)/Pokedex";
			};
			name = Release;
		};
		D7D381BE2BACFCC200FADC53 /* Debug */ = {
			isa = XCBuildConfiguration;
			buildSettings = {
				ALWAYS_EMBED_SWIFT_STANDARD_LIBRARIES = YES;
				CODE_SIGN_STYLE = Automatic;
				CURRENT_PROJECT_VERSION = 1;
				DEVELOPMENT_TEAM = 3DAQ868NGN;
				GENERATE_INFOPLIST_FILE = YES;
				MARKETING_VERSION = 1.0;
				PRODUCT_BUNDLE_IDENTIFIER = dev.arbigaus.PokedexUITests;
				PRODUCT_NAME = "$(TARGET_NAME)";
				SWIFT_EMIT_LOC_STRINGS = NO;
				SWIFT_VERSION = 5.0;
				TARGETED_DEVICE_FAMILY = "1,2";
				TEST_TARGET_NAME = Pokedex;
			};
			name = Debug;
		};
		D7D381BF2BACFCC200FADC53 /* Release */ = {
			isa = XCBuildConfiguration;
			buildSettings = {
				ALWAYS_EMBED_SWIFT_STANDARD_LIBRARIES = YES;
				CODE_SIGN_STYLE = Automatic;
				CURRENT_PROJECT_VERSION = 1;
				DEVELOPMENT_TEAM = 3DAQ868NGN;
				GENERATE_INFOPLIST_FILE = YES;
				MARKETING_VERSION = 1.0;
				PRODUCT_BUNDLE_IDENTIFIER = dev.arbigaus.PokedexUITests;
				PRODUCT_NAME = "$(TARGET_NAME)";
				SWIFT_EMIT_LOC_STRINGS = NO;
				SWIFT_VERSION = 5.0;
				TARGETED_DEVICE_FAMILY = "1,2";
				TEST_TARGET_NAME = Pokedex;
			};
			name = Release;
		};
/* End XCBuildConfiguration section */

/* Begin XCConfigurationList section */
		D7D3818E2BACFCBF00FADC53 /* Build configuration list for PBXProject "Pokedex" */ = {
			isa = XCConfigurationList;
			buildConfigurations = (
				D7D381B52BACFCC200FADC53 /* Debug */,
				D7D381B62BACFCC200FADC53 /* Release */,
			);
			defaultConfigurationIsVisible = 0;
			defaultConfigurationName = Release;
		};
		D7D381B72BACFCC200FADC53 /* Build configuration list for PBXNativeTarget "Pokedex" */ = {
			isa = XCConfigurationList;
			buildConfigurations = (
				D7D381B82BACFCC200FADC53 /* Debug */,
				D7D381B92BACFCC200FADC53 /* Release */,
			);
			defaultConfigurationIsVisible = 0;
			defaultConfigurationName = Release;
		};
		D7D381BA2BACFCC200FADC53 /* Build configuration list for PBXNativeTarget "PokedexTests" */ = {
			isa = XCConfigurationList;
			buildConfigurations = (
				D7D381BB2BACFCC200FADC53 /* Debug */,
				D7D381BC2BACFCC200FADC53 /* Release */,
			);
			defaultConfigurationIsVisible = 0;
			defaultConfigurationName = Release;
		};
		D7D381BD2BACFCC200FADC53 /* Build configuration list for PBXNativeTarget "PokedexUITests" */ = {
			isa = XCConfigurationList;
			buildConfigurations = (
				D7D381BE2BACFCC200FADC53 /* Debug */,
				D7D381BF2BACFCC200FADC53 /* Release */,
			);
			defaultConfigurationIsVisible = 0;
			defaultConfigurationName = Release;
		};
/* End XCConfigurationList section */

/* Begin XCRemoteSwiftPackageReference section */
		D71A158B2BACFD3E00FEB579 /* XCRemoteSwiftPackageReference "MiniService" */ = {
			isa = XCRemoteSwiftPackageReference;
			repositoryURL = "https://github.com/Arbigaus/MiniService";
			requirement = {
				kind = upToNextMajorVersion;
				minimumVersion = 1.0.2;
			};
		};
/* End XCRemoteSwiftPackageReference section */

/* Begin XCSwiftPackageProductDependency section */
		D71A158C2BACFD3E00FEB579 /* MiniService */ = {
			isa = XCSwiftPackageProductDependency;
			package = D71A158B2BACFD3E00FEB579 /* XCRemoteSwiftPackageReference "MiniService" */;
			productName = MiniService;
		};
/* End XCSwiftPackageProductDependency section */
	};
	rootObject = D7D3818B2BACFCBF00FADC53 /* Project object */;
}
